{
  "requires": true,
  "lockfileVersion": 1,
  "dependencies": {
    "dropzone": {
      "version": "5.5.1",
      "resolved": "https://registry.npmjs.org/dropzone/-/dropzone-5.5.1.tgz",
      "integrity": "sha512-3VduRWLxx9hbVr42QieQN25mx/I61/mRdUSuxAmDGdDqZIN8qtP7tcKMa3KfpJjuGjOJGYYUzzeq6eGDnkzesA=="
    },
    "sweetalert2": {
      "version": "8.18.5",
      "resolved": "https://registry.npmjs.org/sweetalert2/-/sweetalert2-8.18.5.tgz",
      "integrity": "sha512-GTP24XbiLqdT/Sd+lYac/bQLEJKqzWldV63hvyqPdWcqRimsDRSsumhWL3yyzLvqXMIwzoVbqpa1kWgg2/fm0g=="
    }
  }
}
